// !$*UTF8*$!
{
	archiveVersion = 1;
	classes = {
	};
	objectVersion = 46;
	objects = {

/* Begin PBXBuildFile section */
		1A2174181AC9E74A00C4471D /* Images.xcassets in Resources */ = {isa = PBXBuildFile; fileRef = 1A2174171AC9E74A00C4471D /* Images.xcassets */; };
		1A21741B1AC9E74A00C4471D /* LaunchScreen.xib in Resources */ = {isa = PBXBuildFile; fileRef = 1A2174191AC9E74A00C4471D /* LaunchScreen.xib */; };
		1A2174271AC9E74A00C4471D /* HackcancerTests.swift in Sources */ = {isa = PBXBuildFile; fileRef = 1A2174261AC9E74A00C4471D /* HackcancerTests.swift */; };
		1A57DD551ACE0B9D009E97A3 /* RACSubject+SendNil.m in Sources */ = {isa = PBXBuildFile; fileRef = 1A57DD541ACE0B9D009E97A3 /* RACSubject+SendNil.m */; };
		1A57DD581ACF387D009E97A3 /* AddEventAction.swift in Sources */ = {isa = PBXBuildFile; fileRef = 1A57DD571ACF387D009E97A3 /* AddEventAction.swift */; };
		1A57DD651AD2CC30009E97A3 /* Array+Functional.swift in Sources */ = {isa = PBXBuildFile; fileRef = 1A57DD641AD2CC30009E97A3 /* Array+Functional.swift */; };
		1AD3C2771ACDF60300142A68 /* AppDelegate.swift in Sources */ = {isa = PBXBuildFile; fileRef = 1AD3C2761ACDF60300142A68 /* AppDelegate.swift */; };
		1AD3C2891ACDF94D00142A68 /* EventStore.swift in Sources */ = {isa = PBXBuildFile; fileRef = 1AD3C2881ACDF94D00142A68 /* EventStore.swift */; };
		1AD3C2961ACDFA3400142A68 /* AboutViewController.swift in Sources */ = {isa = PBXBuildFile; fileRef = 1AD3C2901ACDFA3400142A68 /* AboutViewController.swift */; };
		1AD3C2971ACDFA3400142A68 /* ConciergeViewController.swift in Sources */ = {isa = PBXBuildFile; fileRef = 1AD3C2911ACDFA3400142A68 /* ConciergeViewController.swift */; };
		1AD3C2981ACDFA3400142A68 /* FAQViewController.swift in Sources */ = {isa = PBXBuildFile; fileRef = 1AD3C2921ACDFA3400142A68 /* FAQViewController.swift */; };
		1AD3C2991ACDFA3400142A68 /* NewsViewController.swift in Sources */ = {isa = PBXBuildFile; fileRef = 1AD3C2931ACDFA3400142A68 /* NewsViewController.swift */; };
		1AD3C29A1ACDFA3400142A68 /* RootViewController.swift in Sources */ = {isa = PBXBuildFile; fileRef = 1AD3C2941ACDFA3400142A68 /* RootViewController.swift */; };
		1AD3C29B1ACDFA3400142A68 /* ScheduleViewController.swift in Sources */ = {isa = PBXBuildFile; fileRef = 1AD3C2951ACDFA3400142A68 /* ScheduleViewController.swift */; };
		1AD3C29E1ACDFA7700142A68 /* EventTableViewAdapter.swift in Sources */ = {isa = PBXBuildFile; fileRef = 1AD3C29D1ACDFA7700142A68 /* EventTableViewAdapter.swift */; };
		FC97EAEB0EDE2DFB3C887B2F /* libPods.a in Frameworks */ = {isa = PBXBuildFile; fileRef = 3B58B048463401C9C4DC9239 /* libPods.a */; };
/* End PBXBuildFile section */

/* Begin PBXContainerItemProxy section */
		1A2174211AC9E74A00C4471D /* PBXContainerItemProxy */ = {
			isa = PBXContainerItemProxy;
			containerPortal = 1A2174031AC9E74A00C4471D /* Project object */;
			proxyType = 1;
			remoteGlobalIDString = 1A21740A1AC9E74A00C4471D;
			remoteInfo = Hackcancer;
		};
/* End PBXContainerItemProxy section */

/* Begin PBXFileReference section */
		04F7348E950E851EC5C178F6 /* Pods.release.xcconfig */ = {isa = PBXFileReference; includeInIndex = 1; lastKnownFileType = text.xcconfig; name = Pods.release.xcconfig; path = "Pods/Target Support Files/Pods/Pods.release.xcconfig"; sourceTree = "<group>"; };
		1A21740B1AC9E74A00C4471D /* Hackcancer.app */ = {isa = PBXFileReference; explicitFileType = wrapper.application; includeInIndex = 0; path = Hackcancer.app; sourceTree = BUILT_PRODUCTS_DIR; };
		1A21740F1AC9E74A00C4471D /* Info.plist */ = {isa = PBXFileReference; lastKnownFileType = text.plist.xml; path = Info.plist; sourceTree = "<group>"; };
		1A2174171AC9E74A00C4471D /* Images.xcassets */ = {isa = PBXFileReference; lastKnownFileType = folder.assetcatalog; path = Images.xcassets; sourceTree = "<group>"; };
		1A21741A1AC9E74A00C4471D /* Base */ = {isa = PBXFileReference; lastKnownFileType = file.xib; name = Base; path = Base.lproj/LaunchScreen.xib; sourceTree = "<group>"; };
		1A2174201AC9E74A00C4471D /* HackcancerTests.xctest */ = {isa = PBXFileReference; explicitFileType = wrapper.cfbundle; includeInIndex = 0; path = HackcancerTests.xctest; sourceTree = BUILT_PRODUCTS_DIR; };
		1A2174251AC9E74A00C4471D /* Info.plist */ = {isa = PBXFileReference; lastKnownFileType = text.plist.xml; path = Info.plist; sourceTree = "<group>"; };
		1A2174261AC9E74A00C4471D /* HackcancerTests.swift */ = {isa = PBXFileReference; lastKnownFileType = sourcecode.swift; path = HackcancerTests.swift; sourceTree = "<group>"; };
		1A57DD531ACE0B84009E97A3 /* RACSubject+sendNil.h */ = {isa = PBXFileReference; fileEncoding = 4; lastKnownFileType = sourcecode.c.h; path = "RACSubject+sendNil.h"; sourceTree = "<group>"; };
		1A57DD541ACE0B9D009E97A3 /* RACSubject+SendNil.m */ = {isa = PBXFileReference; fileEncoding = 4; lastKnownFileType = sourcecode.c.objc; path = "RACSubject+SendNil.m"; sourceTree = "<group>"; };
		1A57DD571ACF387D009E97A3 /* AddEventAction.swift */ = {isa = PBXFileReference; fileEncoding = 4; lastKnownFileType = sourcecode.swift; path = AddEventAction.swift; sourceTree = "<group>"; };
		1A57DD641AD2CC30009E97A3 /* Array+Functional.swift */ = {isa = PBXFileReference; fileEncoding = 4; lastKnownFileType = sourcecode.swift; path = "Array+Functional.swift"; sourceTree = "<group>"; };
		1ACC07131ACE08D000F7E347 /* Bridge.h */ = {isa = PBXFileReference; lastKnownFileType = sourcecode.c.h; path = Bridge.h; sourceTree = "<group>"; };
		1AD3C2761ACDF60300142A68 /* AppDelegate.swift */ = {isa = PBXFileReference; fileEncoding = 4; lastKnownFileType = sourcecode.swift; path = AppDelegate.swift; sourceTree = "<group>"; };
		1AD3C2881ACDF94D00142A68 /* EventStore.swift */ = {isa = PBXFileReference; fileEncoding = 4; lastKnownFileType = sourcecode.swift; path = EventStore.swift; sourceTree = "<group>"; };
		1AD3C2901ACDFA3400142A68 /* AboutViewController.swift */ = {isa = PBXFileReference; fileEncoding = 4; lastKnownFileType = sourcecode.swift; path = AboutViewController.swift; sourceTree = "<group>"; };
		1AD3C2911ACDFA3400142A68 /* ConciergeViewController.swift */ = {isa = PBXFileReference; fileEncoding = 4; lastKnownFileType = sourcecode.swift; path = ConciergeViewController.swift; sourceTree = "<group>"; };
		1AD3C2921ACDFA3400142A68 /* FAQViewController.swift */ = {isa = PBXFileReference; fileEncoding = 4; lastKnownFileType = sourcecode.swift; path = FAQViewController.swift; sourceTree = "<group>"; };
		1AD3C2931ACDFA3400142A68 /* NewsViewController.swift */ = {isa = PBXFileReference; fileEncoding = 4; lastKnownFileType = sourcecode.swift; path = NewsViewController.swift; sourceTree = "<group>"; };
		1AD3C2941ACDFA3400142A68 /* RootViewController.swift */ = {isa = PBXFileReference; fileEncoding = 4; lastKnownFileType = sourcecode.swift; path = RootViewController.swift; sourceTree = "<group>"; };
		1AD3C2951ACDFA3400142A68 /* ScheduleViewController.swift */ = {isa = PBXFileReference; fileEncoding = 4; lastKnownFileType = sourcecode.swift; path = ScheduleViewController.swift; sourceTree = "<group>"; };
		1AD3C29D1ACDFA7700142A68 /* EventTableViewAdapter.swift */ = {isa = PBXFileReference; fileEncoding = 4; lastKnownFileType = sourcecode.swift; path = EventTableViewAdapter.swift; sourceTree = "<group>"; };
		3B58B048463401C9C4DC9239 /* libPods.a */ = {isa = PBXFileReference; explicitFileType = archive.ar; includeInIndex = 0; path = libPods.a; sourceTree = BUILT_PRODUCTS_DIR; };
		6079533D940830D5581BC360 /* Pods.debug.xcconfig */ = {isa = PBXFileReference; includeInIndex = 1; lastKnownFileType = text.xcconfig; name = Pods.debug.xcconfig; path = "Pods/Target Support Files/Pods/Pods.debug.xcconfig"; sourceTree = "<group>"; };
/* End PBXFileReference section */

/* Begin PBXFrameworksBuildPhase section */
		1A2174081AC9E74A00C4471D /* Frameworks */ = {
			isa = PBXFrameworksBuildPhase;
			buildActionMask = 2147483647;
			files = (
				FC97EAEB0EDE2DFB3C887B2F /* libPods.a in Frameworks */,
			);
			runOnlyForDeploymentPostprocessing = 0;
		};
		1A21741D1AC9E74A00C4471D /* Frameworks */ = {
			isa = PBXFrameworksBuildPhase;
			buildActionMask = 2147483647;
			files = (
			);
			runOnlyForDeploymentPostprocessing = 0;
		};
/* End PBXFrameworksBuildPhase section */

/* Begin PBXGroup section */
		046076CB88620A05634C5F86 /* Frameworks */ = {
			isa = PBXGroup;
			children = (
				3B58B048463401C9C4DC9239 /* libPods.a */,
			);
			name = Frameworks;
			sourceTree = "<group>";
		};
		1A2174021AC9E74A00C4471D = {
			isa = PBXGroup;
			children = (
				1A21740D1AC9E74A00C4471D /* Hackcancer */,
				1A2174231AC9E74A00C4471D /* HackcancerTests */,
				1A21740C1AC9E74A00C4471D /* Products */,
				E81B2A85B193224F47294F2A /* Pods */,
				046076CB88620A05634C5F86 /* Frameworks */,
			);
			sourceTree = "<group>";
		};
		1A21740C1AC9E74A00C4471D /* Products */ = {
			isa = PBXGroup;
			children = (
				1A21740B1AC9E74A00C4471D /* Hackcancer.app */,
				1A2174201AC9E74A00C4471D /* HackcancerTests.xctest */,
			);
			name = Products;
			sourceTree = "<group>";
		};
		1A21740D1AC9E74A00C4471D /* Hackcancer */ = {
			isa = PBXGroup;
			children = (
				1A57DD521ACE0B08009E97A3 /* Categories */,
				1ACC07131ACE08D000F7E347 /* Bridge.h */,
				1AD3C28E1ACDFA3400142A68 /* View Layer */,
				1AD3C2861ACDF8DE00142A68 /* Data Layer */,
				1AD3C2761ACDF60300142A68 /* AppDelegate.swift */,
				1A2174171AC9E74A00C4471D /* Images.xcassets */,
				1A2174191AC9E74A00C4471D /* LaunchScreen.xib */,
				1A21740E1AC9E74A00C4471D /* Supporting Files */,
			);
			path = Hackcancer;
			sourceTree = "<group>";
		};
		1A21740E1AC9E74A00C4471D /* Supporting Files */ = {
			isa = PBXGroup;
			children = (
				1A21740F1AC9E74A00C4471D /* Info.plist */,
			);
			name = "Supporting Files";
			sourceTree = "<group>";
		};
		1A2174231AC9E74A00C4471D /* HackcancerTests */ = {
			isa = PBXGroup;
			children = (
				1A2174261AC9E74A00C4471D /* HackcancerTests.swift */,
				1A2174241AC9E74A00C4471D /* Supporting Files */,
			);
			path = HackcancerTests;
			sourceTree = "<group>";
		};
		1A2174241AC9E74A00C4471D /* Supporting Files */ = {
			isa = PBXGroup;
			children = (
				1A2174251AC9E74A00C4471D /* Info.plist */,
			);
			name = "Supporting Files";
			sourceTree = "<group>";
		};
		1A57DD521ACE0B08009E97A3 /* Categories */ = {
			isa = PBXGroup;
			children = (
				1A57DD531ACE0B84009E97A3 /* RACSubject+sendNil.h */,
				1A57DD541ACE0B9D009E97A3 /* RACSubject+SendNil.m */,
				1A57DD641AD2CC30009E97A3 /* Array+Functional.swift */,
			);
			path = Categories;
			sourceTree = "<group>";
		};
		1A57DD561ACF3779009E97A3 /* Actions */ = {
			isa = PBXGroup;
			children = (
				1A57DD571ACF387D009E97A3 /* AddEventAction.swift */,
			);
			path = Actions;
			sourceTree = "<group>";
		};
		1AD3C2861ACDF8DE00142A68 /* Data Layer */ = {
			isa = PBXGroup;
			children = (
				1A57DD561ACF3779009E97A3 /* Actions */,
				1AD3C2871ACDF8EB00142A68 /* Store */,
			);
			path = "Data Layer";
			sourceTree = "<group>";
		};
		1AD3C2871ACDF8EB00142A68 /* Store */ = {
			isa = PBXGroup;
			children = (
				1AD3C2881ACDF94D00142A68 /* EventStore.swift */,
			);
			path = Store;
			sourceTree = "<group>";
		};
		1AD3C28E1ACDFA3400142A68 /* View Layer */ = {
			isa = PBXGroup;
			children = (
				1AD3C29C1ACDFA4C00142A68 /* Adapter */,
				1AD3C28F1ACDFA3400142A68 /* Controllers */,
			);
			path = "View Layer";
			sourceTree = "<group>";
		};
		1AD3C28F1ACDFA3400142A68 /* Controllers */ = {
			isa = PBXGroup;
			children = (
				1AD3C2901ACDFA3400142A68 /* AboutViewController.swift */,
				1AD3C2911ACDFA3400142A68 /* ConciergeViewController.swift */,
				1AD3C2921ACDFA3400142A68 /* FAQViewController.swift */,
				1AD3C2931ACDFA3400142A68 /* NewsViewController.swift */,
				1AD3C2941ACDFA3400142A68 /* RootViewController.swift */,
				1AD3C2951ACDFA3400142A68 /* ScheduleViewController.swift */,
			);
			path = Controllers;
			sourceTree = "<group>";
		};
		1AD3C29C1ACDFA4C00142A68 /* Adapter */ = {
			isa = PBXGroup;
			children = (
				1AD3C29D1ACDFA7700142A68 /* EventTableViewAdapter.swift */,
			);
			path = Adapter;
			sourceTree = "<group>";
		};
		E81B2A85B193224F47294F2A /* Pods */ = {
			isa = PBXGroup;
			children = (
				6079533D940830D5581BC360 /* Pods.debug.xcconfig */,
				04F7348E950E851EC5C178F6 /* Pods.release.xcconfig */,
			);
			name = Pods;
			sourceTree = "<group>";
		};
/* End PBXGroup section */

/* Begin PBXNativeTarget section */
		1A21740A1AC9E74A00C4471D /* Hackcancer */ = {
			isa = PBXNativeTarget;
			buildConfigurationList = 1A21742A1AC9E74A00C4471D /* Build configuration list for PBXNativeTarget "Hackcancer" */;
			buildPhases = (
				21240130E6D0C521170B303F /* Check Pods Manifest.lock */,
				1A2174071AC9E74A00C4471D /* Sources */,
				1A2174081AC9E74A00C4471D /* Frameworks */,
				1A2174091AC9E74A00C4471D /* Resources */,
				23315F44B18AC88A626F0360 /* Copy Pods Resources */,
			);
			buildRules = (
			);
			dependencies = (
			);
			name = Hackcancer;
			productName = Hackcancer;
			productReference = 1A21740B1AC9E74A00C4471D /* Hackcancer.app */;
			productType = "com.apple.product-type.application";
		};
		1A21741F1AC9E74A00C4471D /* HackcancerTests */ = {
			isa = PBXNativeTarget;
			buildConfigurationList = 1A21742D1AC9E74A00C4471D /* Build configuration list for PBXNativeTarget "HackcancerTests" */;
			buildPhases = (
				1A21741C1AC9E74A00C4471D /* Sources */,
				1A21741D1AC9E74A00C4471D /* Frameworks */,
				1A21741E1AC9E74A00C4471D /* Resources */,
			);
			buildRules = (
			);
			dependencies = (
				1A2174221AC9E74A00C4471D /* PBXTargetDependency */,
			);
			name = HackcancerTests;
			productName = HackcancerTests;
			productReference = 1A2174201AC9E74A00C4471D /* HackcancerTests.xctest */;
			productType = "com.apple.product-type.bundle.unit-test";
		};
/* End PBXNativeTarget section */

/* Begin PBXProject section */
		1A2174031AC9E74A00C4471D /* Project object */ = {
			isa = PBXProject;
			attributes = {
				LastUpgradeCheck = 0620;
				ORGANIZATIONNAME = HC;
				TargetAttributes = {
					1A21740A1AC9E74A00C4471D = {
						CreatedOnToolsVersion = 6.2;
					};
					1A21741F1AC9E74A00C4471D = {
						CreatedOnToolsVersion = 6.2;
						TestTargetID = 1A21740A1AC9E74A00C4471D;
					};
				};
			};
			buildConfigurationList = 1A2174061AC9E74A00C4471D /* Build configuration list for PBXProject "Hackcancer" */;
			compatibilityVersion = "Xcode 3.2";
			developmentRegion = English;
			hasScannedForEncodings = 0;
			knownRegions = (
				en,
				Base,
			);
			mainGroup = 1A2174021AC9E74A00C4471D;
			productRefGroup = 1A21740C1AC9E74A00C4471D /* Products */;
			projectDirPath = "";
			projectRoot = "";
			targets = (
				1A21740A1AC9E74A00C4471D /* Hackcancer */,
				1A21741F1AC9E74A00C4471D /* HackcancerTests */,
			);
		};
/* End PBXProject section */

/* Begin PBXResourcesBuildPhase section */
		1A2174091AC9E74A00C4471D /* Resources */ = {
			isa = PBXResourcesBuildPhase;
			buildActionMask = 2147483647;
			files = (
				1A21741B1AC9E74A00C4471D /* LaunchScreen.xib in Resources */,
				1A2174181AC9E74A00C4471D /* Images.xcassets in Resources */,
			);
			runOnlyForDeploymentPostprocessing = 0;
		};
		1A21741E1AC9E74A00C4471D /* Resources */ = {
			isa = PBXResourcesBuildPhase;
			buildActionMask = 2147483647;
			files = (
			);
			runOnlyForDeploymentPostprocessing = 0;
		};
/* End PBXResourcesBuildPhase section */

/* Begin PBXShellScriptBuildPhase section */
		21240130E6D0C521170B303F /* Check Pods Manifest.lock */ = {
			isa = PBXShellScriptBuildPhase;
			buildActionMask = 2147483647;
			files = (
			);
			inputPaths = (
			);
			name = "Check Pods Manifest.lock";
			outputPaths = (
			);
			runOnlyForDeploymentPostprocessing = 0;
			shellPath = /bin/sh;
			shellScript = "diff \"${PODS_ROOT}/../Podfile.lock\" \"${PODS_ROOT}/Manifest.lock\" > /dev/null\nif [[ $? != 0 ]] ; then\n    cat << EOM\nerror: The sandbox is not in sync with the Podfile.lock. Run 'pod install' or update your CocoaPods installation.\nEOM\n    exit 1\nfi\n";
			showEnvVarsInLog = 0;
		};
		23315F44B18AC88A626F0360 /* Copy Pods Resources */ = {
			isa = PBXShellScriptBuildPhase;
			buildActionMask = 2147483647;
			files = (
			);
			inputPaths = (
			);
			name = "Copy Pods Resources";
			outputPaths = (
			);
			runOnlyForDeploymentPostprocessing = 0;
			shellPath = /bin/sh;
			shellScript = "\"${SRCROOT}/Pods/Target Support Files/Pods/Pods-resources.sh\"\n";
			showEnvVarsInLog = 0;
		};
/* End PBXShellScriptBuildPhase section */

/* Begin PBXSourcesBuildPhase section */
		1A2174071AC9E74A00C4471D /* Sources */ = {
			isa = PBXSourcesBuildPhase;
			buildActionMask = 2147483647;
			files = (
				1AD3C29E1ACDFA7700142A68 /* EventTableViewAdapter.swift in Sources */,
				1A57DD651AD2CC30009E97A3 /* Array+Functional.swift in Sources */,
				1A57DD551ACE0B9D009E97A3 /* RACSubject+SendNil.m in Sources */,
				1AD3C2971ACDFA3400142A68 /* ConciergeViewController.swift in Sources */,
				1AD3C2891ACDF94D00142A68 /* EventStore.swift in Sources */,
				1AD3C29B1ACDFA3400142A68 /* ScheduleViewController.swift in Sources */,
				1AD3C2981ACDFA3400142A68 /* FAQViewController.swift in Sources */,
				1AD3C2991ACDFA3400142A68 /* NewsViewController.swift in Sources */,
				1A57DD581ACF387D009E97A3 /* AddEventAction.swift in Sources */,
				1AD3C2961ACDFA3400142A68 /* AboutViewController.swift in Sources */,
				1AD3C29A1ACDFA3400142A68 /* RootViewController.swift in Sources */,
				1AD3C2771ACDF60300142A68 /* AppDelegate.swift in Sources */,
			);
			runOnlyForDeploymentPostprocessing = 0;
		};
		1A21741C1AC9E74A00C4471D /* Sources */ = {
			isa = PBXSourcesBuildPhase;
			buildActionMask = 2147483647;
			files = (
				1A2174271AC9E74A00C4471D /* HackcancerTests.swift in Sources */,
			);
			runOnlyForDeploymentPostprocessing = 0;
		};
/* End PBXSourcesBuildPhase section */

/* Begin PBXTargetDependency section */
		1A2174221AC9E74A00C4471D /* PBXTargetDependency */ = {
			isa = PBXTargetDependency;
			target = 1A21740A1AC9E74A00C4471D /* Hackcancer */;
			targetProxy = 1A2174211AC9E74A00C4471D /* PBXContainerItemProxy */;
		};
/* End PBXTargetDependency section */

/* Begin PBXVariantGroup section */
		1A2174191AC9E74A00C4471D /* LaunchScreen.xib */ = {
			isa = PBXVariantGroup;
			children = (
				1A21741A1AC9E74A00C4471D /* Base */,
			);
			name = LaunchScreen.xib;
			sourceTree = "<group>";
		};
/* End PBXVariantGroup section */

/* Begin XCBuildConfiguration section */
		1A2174281AC9E74A00C4471D /* Debug */ = {
			isa = XCBuildConfiguration;
			buildSettings = {
				ALWAYS_SEARCH_USER_PATHS = NO;
				CLANG_CXX_LANGUAGE_STANDARD = "gnu++0x";
				CLANG_CXX_LIBRARY = "libc++";
				CLANG_ENABLE_MODULES = YES;
				CLANG_ENABLE_OBJC_ARC = YES;
				CLANG_WARN_BOOL_CONVERSION = YES;
				CLANG_WARN_CONSTANT_CONVERSION = YES;
				CLANG_WARN_DIRECT_OBJC_ISA_USAGE = YES_ERROR;
				CLANG_WARN_EMPTY_BODY = YES;
				CLANG_WARN_ENUM_CONVERSION = YES;
				CLANG_WARN_INT_CONVERSION = YES;
				CLANG_WARN_OBJC_ROOT_CLASS = YES_ERROR;
				CLANG_WARN_UNREACHABLE_CODE = YES;
				CLANG_WARN__DUPLICATE_METHOD_MATCH = YES;
				"CODE_SIGN_IDENTITY[sdk=iphoneos*]" = "iPhone Developer";
				COPY_PHASE_STRIP = NO;
				ENABLE_STRICT_OBJC_MSGSEND = YES;
				GCC_C_LANGUAGE_STANDARD = gnu99;
				GCC_DYNAMIC_NO_PIC = NO;
				GCC_OPTIMIZATION_LEVEL = 0;
				GCC_PREPROCESSOR_DEFINITIONS = (
					"DEBUG=1",
					"$(inherited)",
				);
				GCC_SYMBOLS_PRIVATE_EXTERN = NO;
				GCC_WARN_64_TO_32_BIT_CONVERSION = YES;
				GCC_WARN_ABOUT_RETURN_TYPE = YES_ERROR;
				GCC_WARN_UNDECLARED_SELECTOR = YES;
				GCC_WARN_UNINITIALIZED_AUTOS = YES_AGGRESSIVE;
				GCC_WARN_UNUSED_FUNCTION = YES;
				GCC_WARN_UNUSED_VARIABLE = YES;
				IPHONEOS_DEPLOYMENT_TARGET = 8.2;
				MTL_ENABLE_DEBUG_INFO = YES;
				ONLY_ACTIVE_ARCH = YES;
				SDKROOT = iphoneos;
				SWIFT_OPTIMIZATION_LEVEL = "-Onone";
				TARGETED_DEVICE_FAMILY = "1,2";
			};
			name = Debug;
		};
		1A2174291AC9E74A00C4471D /* Release */ = {
			isa = XCBuildConfiguration;
			buildSettings = {
				ALWAYS_SEARCH_USER_PATHS = NO;
				CLANG_CXX_LANGUAGE_STANDARD = "gnu++0x";
				CLANG_CXX_LIBRARY = "libc++";
				CLANG_ENABLE_MODULES = YES;
				CLANG_ENABLE_OBJC_ARC = YES;
				CLANG_WARN_BOOL_CONVERSION = YES;
				CLANG_WARN_CONSTANT_CONVERSION = YES;
				CLANG_WARN_DIRECT_OBJC_ISA_USAGE = YES_ERROR;
				CLANG_WARN_EMPTY_BODY = YES;
				CLANG_WARN_ENUM_CONVERSION = YES;
				CLANG_WARN_INT_CONVERSION = YES;
				CLANG_WARN_OBJC_ROOT_CLASS = YES_ERROR;
				CLANG_WARN_UNREACHABLE_CODE = YES;
				CLANG_WARN__DUPLICATE_METHOD_MATCH = YES;
				"CODE_SIGN_IDENTITY[sdk=iphoneos*]" = "iPhone Developer";
				COPY_PHASE_STRIP = NO;
				ENABLE_NS_ASSERTIONS = NO;
				ENABLE_STRICT_OBJC_MSGSEND = YES;
				GCC_C_LANGUAGE_STANDARD = gnu99;
				GCC_WARN_64_TO_32_BIT_CONVERSION = YES;
				GCC_WARN_ABOUT_RETURN_TYPE = YES_ERROR;
				GCC_WARN_UNDECLARED_SELECTOR = YES;
				GCC_WARN_UNINITIALIZED_AUTOS = YES_AGGRESSIVE;
				GCC_WARN_UNUSED_FUNCTION = YES;
				GCC_WARN_UNUSED_VARIABLE = YES;
				IPHONEOS_DEPLOYMENT_TARGET = 8.2;
				MTL_ENABLE_DEBUG_INFO = NO;
				SDKROOT = iphoneos;
				TARGETED_DEVICE_FAMILY = "1,2";
				VALIDATE_PRODUCT = YES;
			};
			name = Release;
		};
		1A21742B1AC9E74A00C4471D /* Debug */ = {
			isa = XCBuildConfiguration;
			baseConfigurationReference = 6079533D940830D5581BC360 /* Pods.debug.xcconfig */;
			buildSettings = {
				ASSETCATALOG_COMPILER_APPICON_NAME = AppIcon;
				INFOPLIST_FILE = Hackcancer/Info.plist;
				LD_RUNPATH_SEARCH_PATHS = "$(inherited) @executable_path/Frameworks";
				PRODUCT_NAME = "$(TARGET_NAME)";
				SWIFT_OBJC_BRIDGING_HEADER = "$(SRCROOT)/$(TARGET_NAME)/Bridge.h";
			};
			name = Debug;
		};
		1A21742C1AC9E74A00C4471D /* Release */ = {
			isa = XCBuildConfiguration;
			baseConfigurationReference = 04F7348E950E851EC5C178F6 /* Pods.release.xcconfig */;
			buildSettings = {
				ASSETCATALOG_COMPILER_APPICON_NAME = AppIcon;
				INFOPLIST_FILE = Hackcancer/Info.plist;
				LD_RUNPATH_SEARCH_PATHS = "$(inherited) @executable_path/Frameworks";
				PRODUCT_NAME = "$(TARGET_NAME)";
				SWIFT_OBJC_BRIDGING_HEADER = "$(SRCROOT)/$(TARGET_NAME)/Bridge.h";
			};
			name = Release;
		};
		1A21742E1AC9E74A00C4471D /* Debug */ = {
			isa = XCBuildConfiguration;
			buildSettings = {
				BUNDLE_LOADER = "$(TEST_HOST)";
				FRAMEWORK_SEARCH_PATHS = (
					"$(SDKROOT)/Developer/Library/Frameworks",
					"$(inherited)",
				);
				GCC_PREPROCESSOR_DEFINITIONS = (
					"DEBUG=1",
					"$(inherited)",
				);
				INFOPLIST_FILE = HackcancerTests/Info.plist;
				LD_RUNPATH_SEARCH_PATHS = "$(inherited) @executable_path/Frameworks @loader_path/Frameworks";
				PRODUCT_NAME = "$(TARGET_NAME)";
				TEST_HOST = "$(BUILT_PRODUCTS_DIR)/Hackcancer.app/Hackcancer";
			};
			name = Debug;
		};
		1A21742F1AC9E74A00C4471D /* Release */ = {
			isa = XCBuildConfiguration;
			buildSettings = {
				BUNDLE_LOADER = "$(TEST_HOST)";
				FRAMEWORK_SEARCH_PATHS = (
					"$(SDKROOT)/Developer/Library/Frameworks",
					"$(inherited)",
				);
				INFOPLIST_FILE = HackcancerTests/Info.plist;
				LD_RUNPATH_SEARCH_PATHS = "$(inherited) @executable_path/Frameworks @loader_path/Frameworks";
				PRODUCT_NAME = "$(TARGET_NAME)";
				TEST_HOST = "$(BUILT_PRODUCTS_DIR)/Hackcancer.app/Hackcancer";
			};
			name = Release;
		};
/* End XCBuildConfiguration section */

/* Begin XCConfigurationList section */
		1A2174061AC9E74A00C4471D /* Build configuration list for PBXProject "Hackcancer" */ = {
			isa = XCConfigurationList;
			buildConfigurations = (
				1A2174281AC9E74A00C4471D /* Debug */,
				1A2174291AC9E74A00C4471D /* Release */,
			);
			defaultConfigurationIsVisible = 0;
			defaultConfigurationName = Release;
		};
		1A21742A1AC9E74A00C4471D /* Build configuration list for PBXNativeTarget "Hackcancer" */ = {
			isa = XCConfigurationList;
			buildConfigurations = (
				1A21742B1AC9E74A00C4471D /* Debug */,
				1A21742C1AC9E74A00C4471D /* Release */,
			);
			defaultConfigurationIsVisible = 0;
			defaultConfigurationName = Release;
		};
		1A21742D1AC9E74A00C4471D /* Build configuration list for PBXNativeTarget "HackcancerTests" */ = {
			isa = XCConfigurationList;
			buildConfigurations = (
				1A21742E1AC9E74A00C4471D /* Debug */,
				1A21742F1AC9E74A00C4471D /* Release */,
			);
			defaultConfigurationIsVisible = 0;
			defaultConfigurationName = Release;
		};
/* End XCConfigurationList section */
	};
	rootObject = 1A2174031AC9E74A00C4471D /* Project object */;
}
