// !$*UTF8*$!
{
	archiveVersion = 1;
	classes = {
	};
	objectVersion = 46;
	objects = {

/* Begin PBXBuildFile section */
		1A2174111AC9E74A00C4471D /* AppDelegate.swift in Sources */ = {isa = PBXBuildFile; fileRef = 1A2174101AC9E74A00C4471D /* AppDelegate.swift */; };
		1A2174131AC9E74A00C4471D /* RootViewController.swift in Sources */ = {isa = PBXBuildFile; fileRef = 1A2174121AC9E74A00C4471D /* RootViewController.swift */; };
		1A2174181AC9E74A00C4471D /* Images.xcassets in Resources */ = {isa = PBXBuildFile; fileRef = 1A2174171AC9E74A00C4471D /* Images.xcassets */; };
		1A21741B1AC9E74A00C4471D /* LaunchScreen.xib in Resources */ = {isa = PBXBuildFile; fileRef = 1A2174191AC9E74A00C4471D /* LaunchScreen.xib */; };
		1A2174271AC9E74A00C4471D /* HackcancerTests.swift in Sources */ = {isa = PBXBuildFile; fileRef = 1A2174261AC9E74A00C4471D /* HackcancerTests.swift */; };
/* End PBXBuildFile section */

/* Begin PBXContainerItemProxy section */
		1A2174211AC9E74A00C4471D /* PBXContainerItemProxy */ = {
			isa = PBXContainerItemProxy;
			containerPortal = 1A2174031AC9E74A00C4471D /* Project object */;
			proxyType = 1;
			remoteGlobalIDString = 1A21740A1AC9E74A00C4471D;
			remoteInfo = Hackcancer;
		};
/* End PBXContainerItemProxy section */

/* Begin PBXFileReference section */
		1A21740B1AC9E74A00C4471D /* Hackcancer.app */ = {isa = PBXFileReference; explicitFileType = wrapper.application; includeInIndex = 0; path = Hackcancer.app; sourceTree = BUILT_PRODUCTS_DIR; };
		1A21740F1AC9E74A00C4471D /* Info.plist */ = {isa = PBXFileReference; lastKnownFileType = text.plist.xml; path = Info.plist; sourceTree = "<group>"; };
		1A2174101AC9E74A00C4471D /* AppDelegate.swift */ = {isa = PBXFileReference; lastKnownFileType = sourcecode.swift; path = AppDelegate.swift; sourceTree = "<group>"; };
		1A2174121AC9E74A00C4471D /* RootViewController.swift */ = {isa = PBXFileReference; lastKnownFileType = sourcecode.swift; path = RootViewController.swift; sourceTree = "<group>"; };
		1A2174171AC9E74A00C4471D /* Images.xcassets */ = {isa = PBXFileReference; lastKnownFileType = folder.assetcatalog; path = Images.xcassets; sourceTree = "<group>"; };
		1A21741A1AC9E74A00C4471D /* Base */ = {isa = PBXFileReference; lastKnownFileType = file.xib; name = Base; path = Base.lproj/LaunchScreen.xib; sourceTree = "<group>"; };
		1A2174201AC9E74A00C4471D /* HackcancerTests.xctest */ = {isa = PBXFileReference; explicitFileType = wrapper.cfbundle; includeInIndex = 0; path = HackcancerTests.xctest; sourceTree = BUILT_PRODUCTS_DIR; };
		1A2174251AC9E74A00C4471D /* Info.plist */ = {isa = PBXFileReference; lastKnownFileType = text.plist.xml; path = Info.plist; sourceTree = "<group>"; };
		1A2174261AC9E74A00C4471D /* HackcancerTests.swift */ = {isa = PBXFileReference; lastKnownFileType = sourcecode.swift; path = HackcancerTests.swift; sourceTree = "<group>"; };
/* End PBXFileReference section */

/* Begin PBXFrameworksBuildPhase section */
		1A2174081AC9E74A00C4471D /* Frameworks */ = {
			isa = PBXFrameworksBuildPhase;
			buildActionMask = 2147483647;
			files = (
			);
			runOnlyForDeploymentPostprocessing = 0;
		};
		1A21741D1AC9E74A00C4471D /* Frameworks */ = {
			isa = PBXFrameworksBuildPhase;
			buildActionMask = 2147483647;
			files = (
			);
			runOnlyForDeploymentPostprocessing = 0;
		};
/* End PBXFrameworksBuildPhase section */

/* Begin PBXGroup section */
		1A2174021AC9E74A00C4471D = {
			isa = PBXGroup;
			children = (
				1A21740D1AC9E74A00C4471D /* Hackcancer */,
				1A2174231AC9E74A00C4471D /* HackcancerTests */,
				1A21740C1AC9E74A00C4471D /* Products */,
			);
			sourceTree = "<group>";
		};
		1A21740C1AC9E74A00C4471D /* Products */ = {
			isa = PBXGroup;
			children = (
				1A21740B1AC9E74A00C4471D /* Hackcancer.app */,
				1A2174201AC9E74A00C4471D /* HackcancerTests.xctest */,
			);
			name = Products;
			sourceTree = "<group>";
		};
		1A21740D1AC9E74A00C4471D /* Hackcancer */ = {
			isa = PBXGroup;
			children = (
				1A2174101AC9E74A00C4471D /* AppDelegate.swift */,
				1A2174121AC9E74A00C4471D /* RootViewController.swift */,
				1A2174171AC9E74A00C4471D /* Images.xcassets */,
				1A2174191AC9E74A00C4471D /* LaunchScreen.xib */,
				1A21740E1AC9E74A00C4471D /* Supporting Files */,
			);
			path = Hackcancer;
			sourceTree = "<group>";
		};
		1A21740E1AC9E74A00C4471D /* Supporting Files */ = {
			isa = PBXGroup;
			children = (
				1A21740F1AC9E74A00C4471D /* Info.plist */,
			);
			name = "Supporting Files";
			sourceTree = "<group>";
		};
		1A2174231AC9E74A00C4471D /* HackcancerTests */ = {
			isa = PBXGroup;
			children = (
				1A2174261AC9E74A00C4471D /* HackcancerTests.swift */,
				1A2174241AC9E74A00C4471D /* Supporting Files */,
			);
			path = HackcancerTests;
			sourceTree = "<group>";
		};
		1A2174241AC9E74A00C4471D /* Supporting Files */ = {
			isa = PBXGroup;
			children = (
				1A2174251AC9E74A00C4471D /* Info.plist */,
			);
			name = "Supporting Files";
			sourceTree = "<group>";
		};
/* End PBXGroup section */

/* Begin PBXNativeTarget section */
		1A21740A1AC9E74A00C4471D /* Hackcancer */ = {
			isa = PBXNativeTarget;
			buildConfigurationList = 1A21742A1AC9E74A00C4471D /* Build configuration list for PBXNativeTarget "Hackcancer" */;
			buildPhases = (
				1A2174071AC9E74A00C4471D /* Sources */,
				1A2174081AC9E74A00C4471D /* Frameworks */,
				1A2174091AC9E74A00C4471D /* Resources */,
			);
			buildRules = (
			);
			dependencies = (
			);
			name = Hackcancer;
			productName = Hackcancer;
			productReference = 1A21740B1AC9E74A00C4471D /* Hackcancer.app */;
			productType = "com.apple.product-type.application";
		};
		1A21741F1AC9E74A00C4471D /* HackcancerTests */ = {
			isa = PBXNativeTarget;
			buildConfigurationList = 1A21742D1AC9E74A00C4471D /* Build configuration list for PBXNativeTarget "HackcancerTests" */;
			buildPhases = (
				1A21741C1AC9E74A00C4471D /* Sources */,
				1A21741D1AC9E74A00C4471D /* Frameworks */,
				1A21741E1AC9E74A00C4471D /* Resources */,
			);
			buildRules = (
			);
			dependencies = (
				1A2174221AC9E74A00C4471D /* PBXTargetDependency */,
			);
			name = HackcancerTests;
			productName = HackcancerTests;
			productReference = 1A2174201AC9E74A00C4471D /* HackcancerTests.xctest */;
			productType = "com.apple.product-type.bundle.unit-test";
		};
/* End PBXNativeTarget section */

/* Begin PBXProject section */
		1A2174031AC9E74A00C4471D /* Project object */ = {
			isa = PBXProject;
			attributes = {
				LastUpgradeCheck = 0620;
				ORGANIZATIONNAME = HC;
				TargetAttributes = {
					1A21740A1AC9E74A00C4471D = {
						CreatedOnToolsVersion = 6.2;
					};
					1A21741F1AC9E74A00C4471D = {
						CreatedOnToolsVersion = 6.2;
						TestTargetID = 1A21740A1AC9E74A00C4471D;
					};
				};
			};
			buildConfigurationList = 1A2174061AC9E74A00C4471D /* Build configuration list for PBXProject "Hackcancer" */;
			compatibilityVersion = "Xcode 3.2";
			developmentRegion = English;
			hasScannedForEncodings = 0;
			knownRegions = (
				en,
				Base,
			);
			mainGroup = 1A2174021AC9E74A00C4471D;
			productRefGroup = 1A21740C1AC9E74A00C4471D /* Products */;
			projectDirPath = "";
			projectRoot = "";
			targets = (
				1A21740A1AC9E74A00C4471D /* Hackcancer */,
				1A21741F1AC9E74A00C4471D /* HackcancerTests */,
			);
		};
/* End PBXProject section */

/* Begin PBXResourcesBuildPhase section */
		1A2174091AC9E74A00C4471D /* Resources */ = {
			isa = PBXResourcesBuildPhase;
			buildActionMask = 2147483647;
			files = (
				1A21741B1AC9E74A00C4471D /* LaunchScreen.xib in Resources */,
				1A2174181AC9E74A00C4471D /* Images.xcassets in Resources */,
			);
			runOnlyForDeploymentPostprocessing = 0;
		};
		1A21741E1AC9E74A00C4471D /* Resources */ = {
			isa = PBXResourcesBuildPhase;
			buildActionMask = 2147483647;
			files = (
			);
			runOnlyForDeploymentPostprocessing = 0;
		};
/* End PBXResourcesBuildPhase section */

/* Begin PBXSourcesBuildPhase section */
		1A2174071AC9E74A00C4471D /* Sources */ = {
			isa = PBXSourcesBuildPhase;
			buildActionMask = 2147483647;
			files = (
				1A2174131AC9E74A00C4471D /* RootViewController.swift in Sources */,
				1A2174111AC9E74A00C4471D /* AppDelegate.swift in Sources */,
			);
			runOnlyForDeploymentPostprocessing = 0;
		};
		1A21741C1AC9E74A00C4471D /* Sources */ = {
			isa = PBXSourcesBuildPhase;
			buildActionMask = 2147483647;
			files = (
				1A2174271AC9E74A00C4471D /* HackcancerTests.swift in Sources */,
			);
			runOnlyForDeploymentPostprocessing = 0;
		};
/* End PBXSourcesBuildPhase section */

/* Begin PBXTargetDependency section */
		1A2174221AC9E74A00C4471D /* PBXTargetDependency */ = {
			isa = PBXTargetDependency;
			target = 1A21740A1AC9E74A00C4471D /* Hackcancer */;
			targetProxy = 1A2174211AC9E74A00C4471D /* PBXContainerItemProxy */;
		};
/* End PBXTargetDependency section */

/* Begin PBXVariantGroup section */
		1A2174191AC9E74A00C4471D /* LaunchScreen.xib */ = {
			isa = PBXVariantGroup;
			children = (
				1A21741A1AC9E74A00C4471D /* Base */,
			);
			name = LaunchScreen.xib;
			sourceTree = "<group>";
		};
/* End PBXVariantGroup section */

/* Begin XCBuildConfiguration section */
		1A2174281AC9E74A00C4471D /* Debug */ = {
			isa = XCBuildConfiguration;
			buildSettings = {
				ALWAYS_SEARCH_USER_PATHS = NO;
				CLANG_CXX_LANGUAGE_STANDARD = "gnu++0x";
				CLANG_CXX_LIBRARY = "libc++";
				CLANG_ENABLE_MODULES = YES;
				CLANG_ENABLE_OBJC_ARC = YES;
				CLANG_WARN_BOOL_CONVERSION = YES;
				CLANG_WARN_CONSTANT_CONVERSION = YES;
				CLANG_WARN_DIRECT_OBJC_ISA_USAGE = YES_ERROR;
				CLANG_WARN_EMPTY_BODY = YES;
				CLANG_WARN_ENUM_CONVERSION = YES;
				CLANG_WARN_INT_CONVERSION = YES;
				CLANG_WARN_OBJC_ROOT_CLASS = YES_ERROR;
				CLANG_WARN_UNREACHABLE_CODE = YES;
				CLANG_WARN__DUPLICATE_METHOD_MATCH = YES;
				"CODE_SIGN_IDENTITY[sdk=iphoneos*]" = "iPhone Developer";
				COPY_PHASE_STRIP = NO;
				ENABLE_STRICT_OBJC_MSGSEND = YES;
				GCC_C_LANGUAGE_STANDARD = gnu99;
				GCC_DYNAMIC_NO_PIC = NO;
				GCC_OPTIMIZATION_LEVEL = 0;
				GCC_PREPROCESSOR_DEFINITIONS = (
					"DEBUG=1",
					"$(inherited)",
				);
				GCC_SYMBOLS_PRIVATE_EXTERN = NO;
				GCC_WARN_64_TO_32_BIT_CONVERSION = YES;
				GCC_WARN_ABOUT_RETURN_TYPE = YES_ERROR;
				GCC_WARN_UNDECLARED_SELECTOR = YES;
				GCC_WARN_UNINITIALIZED_AUTOS = YES_AGGRESSIVE;
				GCC_WARN_UNUSED_FUNCTION = YES;
				GCC_WARN_UNUSED_VARIABLE = YES;
				IPHONEOS_DEPLOYMENT_TARGET = 8.2;
				MTL_ENABLE_DEBUG_INFO = YES;
				ONLY_ACTIVE_ARCH = YES;
				SDKROOT = iphoneos;
				SWIFT_OPTIMIZATION_LEVEL = "-Onone";
				TARGETED_DEVICE_FAMILY = "1,2";
			};
			name = Debug;
		};
		1A2174291AC9E74A00C4471D /* Release */ = {
			isa = XCBuildConfiguration;
			buildSettings = {
				ALWAYS_SEARCH_USER_PATHS = NO;
				CLANG_CXX_LANGUAGE_STANDARD = "gnu++0x";
				CLANG_CXX_LIBRARY = "libc++";
				CLANG_ENABLE_MODULES = YES;
				CLANG_ENABLE_OBJC_ARC = YES;
				CLANG_WARN_BOOL_CONVERSION = YES;
				CLANG_WARN_CONSTANT_CONVERSION = YES;
				CLANG_WARN_DIRECT_OBJC_ISA_USAGE = YES_ERROR;
				CLANG_WARN_EMPTY_BODY = YES;
				CLANG_WARN_ENUM_CONVERSION = YES;
				CLANG_WARN_INT_CONVERSION = YES;
				CLANG_WARN_OBJC_ROOT_CLASS = YES_ERROR;
				CLANG_WARN_UNREACHABLE_CODE = YES;
				CLANG_WARN__DUPLICATE_METHOD_MATCH = YES;
				"CODE_SIGN_IDENTITY[sdk=iphoneos*]" = "iPhone Developer";
				COPY_PHASE_STRIP = NO;
				ENABLE_NS_ASSERTIONS = NO;
				ENABLE_STRICT_OBJC_MSGSEND = YES;
				GCC_C_LANGUAGE_STANDARD = gnu99;
				GCC_WARN_64_TO_32_BIT_CONVERSION = YES;
				GCC_WARN_ABOUT_RETURN_TYPE = YES_ERROR;
				GCC_WARN_UNDECLARED_SELECTOR = YES;
				GCC_WARN_UNINITIALIZED_AUTOS = YES_AGGRESSIVE;
				GCC_WARN_UNUSED_FUNCTION = YES;
				GCC_WARN_UNUSED_VARIABLE = YES;
				IPHONEOS_DEPLOYMENT_TARGET = 8.2;
				MTL_ENABLE_DEBUG_INFO = NO;
				SDKROOT = iphoneos;
				TARGETED_DEVICE_FAMILY = "1,2";
				VALIDATE_PRODUCT = YES;
			};
			name = Release;
		};
		1A21742B1AC9E74A00C4471D /* Debug */ = {
			isa = XCBuildConfiguration;
			buildSettings = {
				ASSETCATALOG_COMPILER_APPICON_NAME = AppIcon;
				INFOPLIST_FILE = Hackcancer/Info.plist;
				LD_RUNPATH_SEARCH_PATHS = "$(inherited) @executable_path/Frameworks";
				PRODUCT_NAME = "$(TARGET_NAME)";
			};
			name = Debug;
		};
		1A21742C1AC9E74A00C4471D /* Release */ = {
			isa = XCBuildConfiguration;
			buildSettings = {
				ASSETCATALOG_COMPILER_APPICON_NAME = AppIcon;
				INFOPLIST_FILE = Hackcancer/Info.plist;
				LD_RUNPATH_SEARCH_PATHS = "$(inherited) @executable_path/Frameworks";
				PRODUCT_NAME = "$(TARGET_NAME)";
			};
			name = Release;
		};
		1A21742E1AC9E74A00C4471D /* Debug */ = {
			isa = XCBuildConfiguration;
			buildSettings = {
				BUNDLE_LOADER = "$(TEST_HOST)";
				FRAMEWORK_SEARCH_PATHS = (
					"$(SDKROOT)/Developer/Library/Frameworks",
					"$(inherited)",
				);
				GCC_PREPROCESSOR_DEFINITIONS = (
					"DEBUG=1",
					"$(inherited)",
				);
				INFOPLIST_FILE = HackcancerTests/Info.plist;
				LD_RUNPATH_SEARCH_PATHS = "$(inherited) @executable_path/Frameworks @loader_path/Frameworks";
				PRODUCT_NAME = "$(TARGET_NAME)";
				TEST_HOST = "$(BUILT_PRODUCTS_DIR)/Hackcancer.app/Hackcancer";
			};
			name = Debug;
		};
		1A21742F1AC9E74A00C4471D /* Release */ = {
			isa = XCBuildConfiguration;
			buildSettings = {
				BUNDLE_LOADER = "$(TEST_HOST)";
				FRAMEWORK_SEARCH_PATHS = (
					"$(SDKROOT)/Developer/Library/Frameworks",
					"$(inherited)",
				);
				INFOPLIST_FILE = HackcancerTests/Info.plist;
				LD_RUNPATH_SEARCH_PATHS = "$(inherited) @executable_path/Frameworks @loader_path/Frameworks";
				PRODUCT_NAME = "$(TARGET_NAME)";
				TEST_HOST = "$(BUILT_PRODUCTS_DIR)/Hackcancer.app/Hackcancer";
			};
			name = Release;
		};
/* End XCBuildConfiguration section */

/* Begin XCConfigurationList section */
		1A2174061AC9E74A00C4471D /* Build configuration list for PBXProject "Hackcancer" */ = {
			isa = XCConfigurationList;
			buildConfigurations = (
				1A2174281AC9E74A00C4471D /* Debug */,
				1A2174291AC9E74A00C4471D /* Release */,
			);
			defaultConfigurationIsVisible = 0;
			defaultConfigurationName = Release;
		};
		1A21742A1AC9E74A00C4471D /* Build configuration list for PBXNativeTarget "Hackcancer" */ = {
			isa = XCConfigurationList;
			buildConfigurations = (
				1A21742B1AC9E74A00C4471D /* Debug */,
				1A21742C1AC9E74A00C4471D /* Release */,
			);
			defaultConfigurationIsVisible = 0;
		};
		1A21742D1AC9E74A00C4471D /* Build configuration list for PBXNativeTarget "HackcancerTests" */ = {
			isa = XCConfigurationList;
			buildConfigurations = (
				1A21742E1AC9E74A00C4471D /* Debug */,
				1A21742F1AC9E74A00C4471D /* Release */,
			);
			defaultConfigurationIsVisible = 0;
		};
/* End XCConfigurationList section */
	};
	rootObject = 1A2174031AC9E74A00C4471D /* Project object */;
}
