// !$*UTF8*$!
{
	archiveVersion = 1;
	classes = {
	};
	objectVersion = 46;
	objects = {

/* Begin PBXBuildFile section */
		745D60911B15209D00558337 /* AppDelegate.swift in Sources */ = {isa = PBXBuildFile; fileRef = 745D60901B15209D00558337 /* AppDelegate.swift */; };
		745D60931B15209D00558337 /* RootViewController.swift in Sources */ = {isa = PBXBuildFile; fileRef = 745D60921B15209D00558337 /* RootViewController.swift */; };
		745D60981B15209D00558337 /* Images.xcassets in Resources */ = {isa = PBXBuildFile; fileRef = 745D60971B15209D00558337 /* Images.xcassets */; };
		745D609B1B15209D00558337 /* LaunchScreen.xib in Resources */ = {isa = PBXBuildFile; fileRef = 745D60991B15209D00558337 /* LaunchScreen.xib */; };
		745D60A71B15209D00558337 /* HackcancerTests.swift in Sources */ = {isa = PBXBuildFile; fileRef = 745D60A61B15209D00558337 /* HackcancerTests.swift */; };
		745D60B21B166D0C00558337 /* NewsViewController.swift in Sources */ = {isa = PBXBuildFile; fileRef = 745D60B11B166D0C00558337 /* NewsViewController.swift */; };
		745D60B51B166F4E00558337 /* Localizable.strings in Resources */ = {isa = PBXBuildFile; fileRef = 745D60B41B166F4E00558337 /* Localizable.strings */; };
		745D60BA1B16707100558337 /* NewsItemStore.swift in Sources */ = {isa = PBXBuildFile; fileRef = 745D60B91B16707100558337 /* NewsItemStore.swift */; };
		745D60BC1B16707C00558337 /* NewsItem.swift in Sources */ = {isa = PBXBuildFile; fileRef = 745D60BB1B16707C00558337 /* NewsItem.swift */; };
		745D60BE1B16709A00558337 /* NewsTableViewAdapter.swift in Sources */ = {isa = PBXBuildFile; fileRef = 745D60BD1B16709A00558337 /* NewsTableViewAdapter.swift */; };
		745D60C21B1674E300558337 /* APIClient.swift in Sources */ = {isa = PBXBuildFile; fileRef = 745D60C11B1674E300558337 /* APIClient.swift */; };
		745D60C41B173E6B00558337 /* NewsFeed.swift in Sources */ = {isa = PBXBuildFile; fileRef = 745D60C31B173E6B00558337 /* NewsFeed.swift */; };
		8F39E9DCD6716F5894E80AA0 /* libPods-Hackcancer.a in Frameworks */ = {isa = PBXBuildFile; fileRef = 09620C2B2C31E4F535FF835A /* libPods-Hackcancer.a */; };
/* End PBXBuildFile section */

/* Begin PBXContainerItemProxy section */
		745D60A11B15209D00558337 /* PBXContainerItemProxy */ = {
			isa = PBXContainerItemProxy;
			containerPortal = 745D60831B15209D00558337 /* Project object */;
			proxyType = 1;
			remoteGlobalIDString = 745D608A1B15209D00558337;
			remoteInfo = Hackcancer;
		};
/* End PBXContainerItemProxy section */

/* Begin PBXFileReference section */
		09620C2B2C31E4F535FF835A /* libPods-Hackcancer.a */ = {isa = PBXFileReference; explicitFileType = archive.ar; includeInIndex = 0; path = "libPods-Hackcancer.a"; sourceTree = BUILT_PRODUCTS_DIR; };
		745D608B1B15209D00558337 /* Hackcancer.app */ = {isa = PBXFileReference; explicitFileType = wrapper.application; includeInIndex = 0; path = Hackcancer.app; sourceTree = BUILT_PRODUCTS_DIR; };
		745D608F1B15209D00558337 /* Info.plist */ = {isa = PBXFileReference; lastKnownFileType = text.plist.xml; path = Info.plist; sourceTree = "<group>"; };
		745D60901B15209D00558337 /* AppDelegate.swift */ = {isa = PBXFileReference; lastKnownFileType = sourcecode.swift; path = AppDelegate.swift; sourceTree = "<group>"; };
		745D60921B15209D00558337 /* RootViewController.swift */ = {isa = PBXFileReference; lastKnownFileType = sourcecode.swift; path = RootViewController.swift; sourceTree = "<group>"; };
		745D60971B15209D00558337 /* Images.xcassets */ = {isa = PBXFileReference; lastKnownFileType = folder.assetcatalog; path = Images.xcassets; sourceTree = "<group>"; };
		745D609A1B15209D00558337 /* Base */ = {isa = PBXFileReference; lastKnownFileType = file.xib; name = Base; path = Base.lproj/LaunchScreen.xib; sourceTree = "<group>"; };
		745D60A01B15209D00558337 /* HackcancerTests.xctest */ = {isa = PBXFileReference; explicitFileType = wrapper.cfbundle; includeInIndex = 0; path = HackcancerTests.xctest; sourceTree = BUILT_PRODUCTS_DIR; };
		745D60A51B15209D00558337 /* Info.plist */ = {isa = PBXFileReference; lastKnownFileType = text.plist.xml; path = Info.plist; sourceTree = "<group>"; };
		745D60A61B15209D00558337 /* HackcancerTests.swift */ = {isa = PBXFileReference; lastKnownFileType = sourcecode.swift; path = HackcancerTests.swift; sourceTree = "<group>"; };
		745D60B11B166D0C00558337 /* NewsViewController.swift */ = {isa = PBXFileReference; fileEncoding = 4; lastKnownFileType = sourcecode.swift; path = NewsViewController.swift; sourceTree = "<group>"; };
		745D60B41B166F4E00558337 /* Localizable.strings */ = {isa = PBXFileReference; fileEncoding = 4; lastKnownFileType = text.plist.strings; path = Localizable.strings; sourceTree = "<group>"; };
		745D60B91B16707100558337 /* NewsItemStore.swift */ = {isa = PBXFileReference; fileEncoding = 4; lastKnownFileType = sourcecode.swift; path = NewsItemStore.swift; sourceTree = "<group>"; };
		745D60BB1B16707C00558337 /* NewsItem.swift */ = {isa = PBXFileReference; fileEncoding = 4; lastKnownFileType = sourcecode.swift; path = NewsItem.swift; sourceTree = "<group>"; };
		745D60BD1B16709A00558337 /* NewsTableViewAdapter.swift */ = {isa = PBXFileReference; fileEncoding = 4; lastKnownFileType = sourcecode.swift; path = NewsTableViewAdapter.swift; sourceTree = "<group>"; };
		745D60BF1B16741400558337 /* Bridge.h */ = {isa = PBXFileReference; lastKnownFileType = sourcecode.c.h; path = Bridge.h; sourceTree = "<group>"; };
		745D60C11B1674E300558337 /* APIClient.swift */ = {isa = PBXFileReference; fileEncoding = 4; lastKnownFileType = sourcecode.swift; path = APIClient.swift; sourceTree = "<group>"; };
		745D60C31B173E6B00558337 /* NewsFeed.swift */ = {isa = PBXFileReference; fileEncoding = 4; lastKnownFileType = sourcecode.swift; path = NewsFeed.swift; sourceTree = "<group>"; };
		8147E1ECADD785D092B05B75 /* Pods-Hackcancer.debug.xcconfig */ = {isa = PBXFileReference; includeInIndex = 1; lastKnownFileType = text.xcconfig; name = "Pods-Hackcancer.debug.xcconfig"; path = "Pods/Target Support Files/Pods-Hackcancer/Pods-Hackcancer.debug.xcconfig"; sourceTree = "<group>"; };
		EEE420A2D4F7B4784BE1C9E8 /* Pods-Hackcancer.release.xcconfig */ = {isa = PBXFileReference; includeInIndex = 1; lastKnownFileType = text.xcconfig; name = "Pods-Hackcancer.release.xcconfig"; path = "Pods/Target Support Files/Pods-Hackcancer/Pods-Hackcancer.release.xcconfig"; sourceTree = "<group>"; };
/* End PBXFileReference section */

/* Begin PBXFrameworksBuildPhase section */
		745D60881B15209D00558337 /* Frameworks */ = {
			isa = PBXFrameworksBuildPhase;
			buildActionMask = 2147483647;
			files = (
				8F39E9DCD6716F5894E80AA0 /* libPods-Hackcancer.a in Frameworks */,
			);
			runOnlyForDeploymentPostprocessing = 0;
		};
		745D609D1B15209D00558337 /* Frameworks */ = {
			isa = PBXFrameworksBuildPhase;
			buildActionMask = 2147483647;
			files = (
			);
			runOnlyForDeploymentPostprocessing = 0;
		};
/* End PBXFrameworksBuildPhase section */

/* Begin PBXGroup section */
		745D60821B15209D00558337 = {
			isa = PBXGroup;
			children = (
				745D608D1B15209D00558337 /* Hackcancer */,
				745D60A31B15209D00558337 /* HackcancerTests */,
				745D608C1B15209D00558337 /* Products */,
				7FDE03CFBAC6030F61D00834 /* Pods */,
				A73BA80D422F025919807B8C /* Frameworks */,
			);
			sourceTree = "<group>";
		};
		745D608C1B15209D00558337 /* Products */ = {
			isa = PBXGroup;
			children = (
				745D608B1B15209D00558337 /* Hackcancer.app */,
				745D60A01B15209D00558337 /* HackcancerTests.xctest */,
			);
			name = Products;
			sourceTree = "<group>";
		};
		745D608D1B15209D00558337 /* Hackcancer */ = {
			isa = PBXGroup;
			children = (
				745D60C01B1674C600558337 /* Networking */,
				745D60B71B16704300558337 /* Models */,
				745D60B81B16704300558337 /* Stores */,
				745D60B61B16703500558337 /* Adapters */,
				745D60B01B166CFB00558337 /* ViewController */,
				745D60901B15209D00558337 /* AppDelegate.swift */,
				745D60921B15209D00558337 /* RootViewController.swift */,
				745D60971B15209D00558337 /* Images.xcassets */,
				745D60991B15209D00558337 /* LaunchScreen.xib */,
				745D608E1B15209D00558337 /* Supporting Files */,
			);
			path = Hackcancer;
			sourceTree = "<group>";
		};
		745D608E1B15209D00558337 /* Supporting Files */ = {
			isa = PBXGroup;
			children = (
				745D60B31B166F4E00558337 /* Resources */,
				745D608F1B15209D00558337 /* Info.plist */,
				745D60BF1B16741400558337 /* Bridge.h */,
			);
			name = "Supporting Files";
			sourceTree = "<group>";
		};
		745D60A31B15209D00558337 /* HackcancerTests */ = {
			isa = PBXGroup;
			children = (
				745D60A61B15209D00558337 /* HackcancerTests.swift */,
				745D60A41B15209D00558337 /* Supporting Files */,
			);
			path = HackcancerTests;
			sourceTree = "<group>";
		};
		745D60A41B15209D00558337 /* Supporting Files */ = {
			isa = PBXGroup;
			children = (
				745D60A51B15209D00558337 /* Info.plist */,
			);
			name = "Supporting Files";
			sourceTree = "<group>";
		};
		745D60B01B166CFB00558337 /* ViewController */ = {
			isa = PBXGroup;
			children = (
				745D60B11B166D0C00558337 /* NewsViewController.swift */,
			);
			path = ViewController;
			sourceTree = "<group>";
		};
		745D60B31B166F4E00558337 /* Resources */ = {
			isa = PBXGroup;
			children = (
				745D60B41B166F4E00558337 /* Localizable.strings */,
			);
			path = Resources;
			sourceTree = "<group>";
		};
		745D60B61B16703500558337 /* Adapters */ = {
			isa = PBXGroup;
			children = (
				745D60BD1B16709A00558337 /* NewsTableViewAdapter.swift */,
			);
			path = Adapters;
			sourceTree = "<group>";
		};
		745D60B71B16704300558337 /* Models */ = {
			isa = PBXGroup;
			children = (
				745D60BB1B16707C00558337 /* NewsItem.swift */,
				745D60C31B173E6B00558337 /* NewsFeed.swift */,
			);
			path = Models;
			sourceTree = "<group>";
		};
		745D60B81B16704300558337 /* Stores */ = {
			isa = PBXGroup;
			children = (
				745D60B91B16707100558337 /* NewsItemStore.swift */,
			);
			path = Stores;
			sourceTree = "<group>";
		};
		745D60C01B1674C600558337 /* Networking */ = {
			isa = PBXGroup;
			children = (
				745D60C11B1674E300558337 /* APIClient.swift */,
			);
			path = Networking;
			sourceTree = "<group>";
		};
		7FDE03CFBAC6030F61D00834 /* Pods */ = {
			isa = PBXGroup;
			children = (
				8147E1ECADD785D092B05B75 /* Pods-Hackcancer.debug.xcconfig */,
				EEE420A2D4F7B4784BE1C9E8 /* Pods-Hackcancer.release.xcconfig */,
			);
			name = Pods;
			sourceTree = "<group>";
		};
		A73BA80D422F025919807B8C /* Frameworks */ = {
			isa = PBXGroup;
			children = (
				09620C2B2C31E4F535FF835A /* libPods-Hackcancer.a */,
			);
			name = Frameworks;
			sourceTree = "<group>";
		};
/* End PBXGroup section */

/* Begin PBXNativeTarget section */
		745D608A1B15209D00558337 /* Hackcancer */ = {
			isa = PBXNativeTarget;
			buildConfigurationList = 745D60AA1B15209D00558337 /* Build configuration list for PBXNativeTarget "Hackcancer" */;
			buildPhases = (
				2664B882F944BE357651DAA6 /* Check Pods Manifest.lock */,
				745D60871B15209D00558337 /* Sources */,
				745D60881B15209D00558337 /* Frameworks */,
				745D60891B15209D00558337 /* Resources */,
				BE02B4BDE15CFD276EBADB45 /* Copy Pods Resources */,
			);
			buildRules = (
			);
			dependencies = (
			);
			name = Hackcancer;
			productName = Hackcancer;
			productReference = 745D608B1B15209D00558337 /* Hackcancer.app */;
			productType = "com.apple.product-type.application";
		};
		745D609F1B15209D00558337 /* HackcancerTests */ = {
			isa = PBXNativeTarget;
			buildConfigurationList = 745D60AD1B15209D00558337 /* Build configuration list for PBXNativeTarget "HackcancerTests" */;
			buildPhases = (
				745D609C1B15209D00558337 /* Sources */,
				745D609D1B15209D00558337 /* Frameworks */,
				745D609E1B15209D00558337 /* Resources */,
			);
			buildRules = (
			);
			dependencies = (
				745D60A21B15209D00558337 /* PBXTargetDependency */,
			);
			name = HackcancerTests;
			productName = HackcancerTests;
			productReference = 745D60A01B15209D00558337 /* HackcancerTests.xctest */;
			productType = "com.apple.product-type.bundle.unit-test";
		};
/* End PBXNativeTarget section */

/* Begin PBXProject section */
		745D60831B15209D00558337 /* Project object */ = {
			isa = PBXProject;
			attributes = {
				LastUpgradeCheck = 0630;
				ORGANIZATIONNAME = Hackcancer;
				TargetAttributes = {
					745D608A1B15209D00558337 = {
						CreatedOnToolsVersion = 6.3.1;
					};
					745D609F1B15209D00558337 = {
						CreatedOnToolsVersion = 6.3.1;
						TestTargetID = 745D608A1B15209D00558337;
					};
				};
			};
			buildConfigurationList = 745D60861B15209D00558337 /* Build configuration list for PBXProject "Hackcancer" */;
			compatibilityVersion = "Xcode 3.2";
			developmentRegion = English;
			hasScannedForEncodings = 0;
			knownRegions = (
				en,
				Base,
			);
			mainGroup = 745D60821B15209D00558337;
			productRefGroup = 745D608C1B15209D00558337 /* Products */;
			projectDirPath = "";
			projectRoot = "";
			targets = (
				745D608A1B15209D00558337 /* Hackcancer */,
				745D609F1B15209D00558337 /* HackcancerTests */,
			);
		};
/* End PBXProject section */

/* Begin PBXResourcesBuildPhase section */
		745D60891B15209D00558337 /* Resources */ = {
			isa = PBXResourcesBuildPhase;
			buildActionMask = 2147483647;
			files = (
				745D60B51B166F4E00558337 /* Localizable.strings in Resources */,
				745D609B1B15209D00558337 /* LaunchScreen.xib in Resources */,
				745D60981B15209D00558337 /* Images.xcassets in Resources */,
			);
			runOnlyForDeploymentPostprocessing = 0;
		};
		745D609E1B15209D00558337 /* Resources */ = {
			isa = PBXResourcesBuildPhase;
			buildActionMask = 2147483647;
			files = (
			);
			runOnlyForDeploymentPostprocessing = 0;
		};
/* End PBXResourcesBuildPhase section */

/* Begin PBXShellScriptBuildPhase section */
		2664B882F944BE357651DAA6 /* Check Pods Manifest.lock */ = {
			isa = PBXShellScriptBuildPhase;
			buildActionMask = 2147483647;
			files = (
			);
			inputPaths = (
			);
			name = "Check Pods Manifest.lock";
			outputPaths = (
			);
			runOnlyForDeploymentPostprocessing = 0;
			shellPath = /bin/sh;
			shellScript = "diff \"${PODS_ROOT}/../Podfile.lock\" \"${PODS_ROOT}/Manifest.lock\" > /dev/null\nif [[ $? != 0 ]] ; then\n    cat << EOM\nerror: The sandbox is not in sync with the Podfile.lock. Run 'pod install' or update your CocoaPods installation.\nEOM\n    exit 1\nfi\n";
			showEnvVarsInLog = 0;
		};
		BE02B4BDE15CFD276EBADB45 /* Copy Pods Resources */ = {
			isa = PBXShellScriptBuildPhase;
			buildActionMask = 2147483647;
			files = (
			);
			inputPaths = (
			);
			name = "Copy Pods Resources";
			outputPaths = (
			);
			runOnlyForDeploymentPostprocessing = 0;
			shellPath = /bin/sh;
			shellScript = "\"${SRCROOT}/Pods/Target Support Files/Pods-Hackcancer/Pods-Hackcancer-resources.sh\"\n";
			showEnvVarsInLog = 0;
		};
/* End PBXShellScriptBuildPhase section */

/* Begin PBXSourcesBuildPhase section */
		745D60871B15209D00558337 /* Sources */ = {
			isa = PBXSourcesBuildPhase;
			buildActionMask = 2147483647;
			files = (
				745D60BE1B16709A00558337 /* NewsTableViewAdapter.swift in Sources */,
				745D60B21B166D0C00558337 /* NewsViewController.swift in Sources */,
				745D60C41B173E6B00558337 /* NewsFeed.swift in Sources */,
				745D60BC1B16707C00558337 /* NewsItem.swift in Sources */,
				745D60931B15209D00558337 /* RootViewController.swift in Sources */,
				745D60911B15209D00558337 /* AppDelegate.swift in Sources */,
				745D60BA1B16707100558337 /* NewsItemStore.swift in Sources */,
				745D60C21B1674E300558337 /* APIClient.swift in Sources */,
			);
			runOnlyForDeploymentPostprocessing = 0;
		};
		745D609C1B15209D00558337 /* Sources */ = {
			isa = PBXSourcesBuildPhase;
			buildActionMask = 2147483647;
			files = (
				745D60A71B15209D00558337 /* HackcancerTests.swift in Sources */,
			);
			runOnlyForDeploymentPostprocessing = 0;
		};
/* End PBXSourcesBuildPhase section */

/* Begin PBXTargetDependency section */
		745D60A21B15209D00558337 /* PBXTargetDependency */ = {
			isa = PBXTargetDependency;
			target = 745D608A1B15209D00558337 /* Hackcancer */;
			targetProxy = 745D60A11B15209D00558337 /* PBXContainerItemProxy */;
		};
/* End PBXTargetDependency section */

/* Begin PBXVariantGroup section */
		745D60991B15209D00558337 /* LaunchScreen.xib */ = {
			isa = PBXVariantGroup;
			children = (
				745D609A1B15209D00558337 /* Base */,
			);
			name = LaunchScreen.xib;
			sourceTree = "<group>";
		};
/* End PBXVariantGroup section */

/* Begin XCBuildConfiguration section */
		745D60A81B15209D00558337 /* Debug */ = {
			isa = XCBuildConfiguration;
			buildSettings = {
				ALWAYS_SEARCH_USER_PATHS = NO;
				CLANG_CXX_LANGUAGE_STANDARD = "gnu++0x";
				CLANG_CXX_LIBRARY = "libc++";
				CLANG_ENABLE_MODULES = YES;
				CLANG_ENABLE_OBJC_ARC = YES;
				CLANG_WARN_BOOL_CONVERSION = YES;
				CLANG_WARN_CONSTANT_CONVERSION = YES;
				CLANG_WARN_DIRECT_OBJC_ISA_USAGE = YES_ERROR;
				CLANG_WARN_EMPTY_BODY = YES;
				CLANG_WARN_ENUM_CONVERSION = YES;
				CLANG_WARN_INT_CONVERSION = YES;
				CLANG_WARN_OBJC_ROOT_CLASS = YES_ERROR;
				CLANG_WARN_UNREACHABLE_CODE = YES;
				CLANG_WARN__DUPLICATE_METHOD_MATCH = YES;
				"CODE_SIGN_IDENTITY[sdk=iphoneos*]" = "iPhone Developer";
				COPY_PHASE_STRIP = NO;
				DEBUG_INFORMATION_FORMAT = "dwarf-with-dsym";
				ENABLE_STRICT_OBJC_MSGSEND = YES;
				GCC_C_LANGUAGE_STANDARD = gnu99;
				GCC_DYNAMIC_NO_PIC = NO;
				GCC_NO_COMMON_BLOCKS = YES;
				GCC_OPTIMIZATION_LEVEL = 0;
				GCC_PREPROCESSOR_DEFINITIONS = (
					"DEBUG=1",
					"$(inherited)",
				);
				GCC_SYMBOLS_PRIVATE_EXTERN = NO;
				GCC_WARN_64_TO_32_BIT_CONVERSION = YES;
				GCC_WARN_ABOUT_RETURN_TYPE = YES_ERROR;
				GCC_WARN_UNDECLARED_SELECTOR = YES;
				GCC_WARN_UNINITIALIZED_AUTOS = YES_AGGRESSIVE;
				GCC_WARN_UNUSED_FUNCTION = YES;
				GCC_WARN_UNUSED_VARIABLE = YES;
				IPHONEOS_DEPLOYMENT_TARGET = 8.3;
				MTL_ENABLE_DEBUG_INFO = YES;
				ONLY_ACTIVE_ARCH = YES;
				SDKROOT = iphoneos;
				SWIFT_OPTIMIZATION_LEVEL = "-Onone";
				TARGETED_DEVICE_FAMILY = "1,2";
			};
			name = Debug;
		};
		745D60A91B15209D00558337 /* Release */ = {
			isa = XCBuildConfiguration;
			buildSettings = {
				ALWAYS_SEARCH_USER_PATHS = NO;
				CLANG_CXX_LANGUAGE_STANDARD = "gnu++0x";
				CLANG_CXX_LIBRARY = "libc++";
				CLANG_ENABLE_MODULES = YES;
				CLANG_ENABLE_OBJC_ARC = YES;
				CLANG_WARN_BOOL_CONVERSION = YES;
				CLANG_WARN_CONSTANT_CONVERSION = YES;
				CLANG_WARN_DIRECT_OBJC_ISA_USAGE = YES_ERROR;
				CLANG_WARN_EMPTY_BODY = YES;
				CLANG_WARN_ENUM_CONVERSION = YES;
				CLANG_WARN_INT_CONVERSION = YES;
				CLANG_WARN_OBJC_ROOT_CLASS = YES_ERROR;
				CLANG_WARN_UNREACHABLE_CODE = YES;
				CLANG_WARN__DUPLICATE_METHOD_MATCH = YES;
				"CODE_SIGN_IDENTITY[sdk=iphoneos*]" = "iPhone Developer";
				COPY_PHASE_STRIP = NO;
				DEBUG_INFORMATION_FORMAT = "dwarf-with-dsym";
				ENABLE_NS_ASSERTIONS = NO;
				ENABLE_STRICT_OBJC_MSGSEND = YES;
				GCC_C_LANGUAGE_STANDARD = gnu99;
				GCC_NO_COMMON_BLOCKS = YES;
				GCC_WARN_64_TO_32_BIT_CONVERSION = YES;
				GCC_WARN_ABOUT_RETURN_TYPE = YES_ERROR;
				GCC_WARN_UNDECLARED_SELECTOR = YES;
				GCC_WARN_UNINITIALIZED_AUTOS = YES_AGGRESSIVE;
				GCC_WARN_UNUSED_FUNCTION = YES;
				GCC_WARN_UNUSED_VARIABLE = YES;
				IPHONEOS_DEPLOYMENT_TARGET = 8.3;
				MTL_ENABLE_DEBUG_INFO = NO;
				SDKROOT = iphoneos;
				TARGETED_DEVICE_FAMILY = "1,2";
				VALIDATE_PRODUCT = YES;
			};
			name = Release;
		};
		745D60AB1B15209D00558337 /* Debug */ = {
			isa = XCBuildConfiguration;
			baseConfigurationReference = 8147E1ECADD785D092B05B75 /* Pods-Hackcancer.debug.xcconfig */;
			buildSettings = {
				ASSETCATALOG_COMPILER_APPICON_NAME = AppIcon;
				GCC_PREPROCESSOR_DEFINITIONS = (
					"$(inherited)",
					"COCOAPODS=1",
					"API_ENDPOINT=@\\\"http://localhost:3000\\\"",
				);
				INFOPLIST_FILE = Hackcancer/Info.plist;
				LD_RUNPATH_SEARCH_PATHS = "$(inherited) @executable_path/Frameworks";
				PRODUCT_NAME = "$(TARGET_NAME)";
				SWIFT_OBJC_BRIDGING_HEADER = "$(SRCROOT)/$(TARGET_NAME)/Bridge.h";
			};
			name = Debug;
		};
		745D60AC1B15209D00558337 /* Release */ = {
			isa = XCBuildConfiguration;
			baseConfigurationReference = EEE420A2D4F7B4784BE1C9E8 /* Pods-Hackcancer.release.xcconfig */;
			buildSettings = {
				ASSETCATALOG_COMPILER_APPICON_NAME = AppIcon;
				GCC_PREPROCESSOR_DEFINITIONS = (
					"$(inherited)",
					"COCOAPODS=1",
					"API_ENDPOINT=@\\\"http://localhost:3000\\\"",
				);
				INFOPLIST_FILE = Hackcancer/Info.plist;
				LD_RUNPATH_SEARCH_PATHS = "$(inherited) @executable_path/Frameworks";
				PRODUCT_NAME = "$(TARGET_NAME)";
				SWIFT_OBJC_BRIDGING_HEADER = "$(SRCROOT)/$(TARGET_NAME)/Bridge.h";
			};
			name = Release;
		};
		745D60AE1B15209D00558337 /* Debug */ = {
			isa = XCBuildConfiguration;
			buildSettings = {
				BUNDLE_LOADER = "$(TEST_HOST)";
				FRAMEWORK_SEARCH_PATHS = (
					"$(SDKROOT)/Developer/Library/Frameworks",
					"$(inherited)",
				);
				GCC_PREPROCESSOR_DEFINITIONS = (
					"DEBUG=1",
					"$(inherited)",
				);
				INFOPLIST_FILE = HackcancerTests/Info.plist;
				LD_RUNPATH_SEARCH_PATHS = "$(inherited) @executable_path/Frameworks @loader_path/Frameworks";
				PRODUCT_NAME = "$(TARGET_NAME)";
				TEST_HOST = "$(BUILT_PRODUCTS_DIR)/Hackcancer.app/Hackcancer";
			};
			name = Debug;
		};
		745D60AF1B15209D00558337 /* Release */ = {
			isa = XCBuildConfiguration;
			buildSettings = {
				BUNDLE_LOADER = "$(TEST_HOST)";
				FRAMEWORK_SEARCH_PATHS = (
					"$(SDKROOT)/Developer/Library/Frameworks",
					"$(inherited)",
				);
				INFOPLIST_FILE = HackcancerTests/Info.plist;
				LD_RUNPATH_SEARCH_PATHS = "$(inherited) @executable_path/Frameworks @loader_path/Frameworks";
				PRODUCT_NAME = "$(TARGET_NAME)";
				TEST_HOST = "$(BUILT_PRODUCTS_DIR)/Hackcancer.app/Hackcancer";
			};
			name = Release;
		};
/* End XCBuildConfiguration section */

/* Begin XCConfigurationList section */
		745D60861B15209D00558337 /* Build configuration list for PBXProject "Hackcancer" */ = {
			isa = XCConfigurationList;
			buildConfigurations = (
				745D60A81B15209D00558337 /* Debug */,
				745D60A91B15209D00558337 /* Release */,
			);
			defaultConfigurationIsVisible = 0;
			defaultConfigurationName = Release;
		};
		745D60AA1B15209D00558337 /* Build configuration list for PBXNativeTarget "Hackcancer" */ = {
			isa = XCConfigurationList;
			buildConfigurations = (
				745D60AB1B15209D00558337 /* Debug */,
				745D60AC1B15209D00558337 /* Release */,
			);
			defaultConfigurationIsVisible = 0;
			defaultConfigurationName = Release;
		};
		745D60AD1B15209D00558337 /* Build configuration list for PBXNativeTarget "HackcancerTests" */ = {
			isa = XCConfigurationList;
			buildConfigurations = (
				745D60AE1B15209D00558337 /* Debug */,
				745D60AF1B15209D00558337 /* Release */,
			);
			defaultConfigurationIsVisible = 0;
			defaultConfigurationName = Release;
		};
/* End XCConfigurationList section */
	};
	rootObject = 745D60831B15209D00558337 /* Project object */;
}
